
Microsoft Visual Studio Solution File, Format Version 12.00
Project("{FAE04EC0-301F-11D3-BF4B-00C04F79EFBC}") = "Polygons", "Polygons\Polygons.csproj", "{98273CB0-6D24-419A-BD9E-DC210255A1DF}"
EndProject
Global
	GlobalSection(SolutionConfigurationPlatforms) = preSolution
		Debug|Any CPU = Debug|Any CPU
		Release|Any CPU = Release|Any CPU
	EndGlobalSection
	GlobalSection(ProjectConfigurationPlatforms) = postSolution
		{98273CB0-6D24-419A-BD9E-DC210255A1DF}.Debug|Any CPU.ActiveCfg = Debug|Any CPU
		{98273CB0-6D24-419A-BD9E-DC210255A1DF}.Debug|Any CPU.Build.0 = Debug|Any CPU
		{98273CB0-6D24-419A-BD9E-DC210255A1DF}.Release|Any CPU.ActiveCfg = Release|Any CPU
		{98273CB0-6D24-419A-BD9E-DC210255A1DF}.Release|Any CPU.Build.0 = Release|Any CPU
	EndGlobalSection
EndGlobal
